
Microsoft Visual Studio Solution File, Format Version 12.00
# Visual Studio Version 16
VisualStudioVersion = 16.0.31424.327
MinimumVisualStudioVersion = 10.0.40219.1
Project("{FAE04EC0-301F-11D3-BF4B-00C04F79EFBC}") = "GraphApp", "GraphApp.csproj", "{072E2B20-CA31-478E-A803-6F16AA29D07C}"
EndProject
Global
	GlobalSection(SolutionConfigurationPlatforms) = preSolution
		Debug|Any CPU = Debug|Any CPU
		Release|Any CPU = Release|Any CPU
	EndGlobalSection
	GlobalSection(ProjectConfigurationPlatforms) = postSolution
		{072E2B20-CA31-478E-A803-6F16AA29D07C}.Debug|Any CPU.ActiveCfg = Debug|Any CPU
		{072E2B20-CA31-478E-A803-6F16AA29D07C}.Debug|Any CPU.Build.0 = Debug|Any CPU
		{072E2B20-CA31-478E-A803-6F16AA29D07C}.Release|Any CPU.ActiveCfg = Release|Any CPU
		{072E2B20-CA31-478E-A803-6F16AA29D07C}.Release|Any CPU.Build.0 = Release|Any CPU
	EndGlobalSection
	GlobalSection(SolutionProperties) = preSolution
		HideSolutionNode = FALSE
	EndGlobalSection
	GlobalSection(ExtensibilityGlobals) = postSolution
		SolutionGuid = {C55525D6-74F4-43EB-B2F2-073D7F512755}
	EndGlobalSection
EndGlobal
